{
  "name": "geometry",
  "version": "1.0.0",
  "lockfileVersion": 3,
  "requires": true,
  "packages": {
    "": {
      "name": "geometry",
      "version": "1.0.0",
      "license": "ISC",
      "dependencies": {
        "shapes": "file:../shapes"
      }
    },
    "../shapes": {
      "version": "1.0.0",
      "license": "ISC"
    },
    "node_modules/shapes": {
      "resolved": "../shapes",
      "link": true
    }
  }
}
